
Microsoft Visual Studio Solution File, Format Version 12.00
# Visual Studio Version 17
VisualStudioVersion = 17.2.32526.322
MinimumVisualStudioVersion = 10.0.40219.1
Project("{9A19103F-16F7-4668-BE54-9A1E7A4F7556}") = "Lesson1", "Lesson1\Lesson1.csproj", "{7F59E7D7-DEA2-48B0-BB9E-8DF40AD2690E}"
EndProject
Project("{9A19103F-16F7-4668-BE54-9A1E7A4F7556}") = "Lesson2", "Lesson2\Lesson2.csproj", "{092618FB-3E84-4CC6-A02E-8E6B39083816}"
EndProject
Project("{9A19103F-16F7-4668-BE54-9A1E7A4F7556}") = "Lesson3", "Lesson3\Lesson3.csproj", "{D76EB06D-AD00-470F-8DE2-B7953E036AF6}"
EndProject
Project("{9A19103F-16F7-4668-BE54-9A1E7A4F7556}") = "Lesson4", "Lesson4\Lesson4.csproj", "{D4FED7B8-1B4C-4D54-A993-48AD7904B534}"
EndProject
Project("{FAE04EC0-301F-11D3-BF4B-00C04F79EFBC}") = "Lesson5", "Lesson5\Lesson5.csproj", "{EB4C46C6-E6B1-4B80-B09D-E7A8D4B276F7}"
EndProject
Global
	GlobalSection(SolutionConfigurationPlatforms) = preSolution
		Debug|Any CPU = Debug|Any CPU
		Release|Any CPU = Release|Any CPU
	EndGlobalSection
	GlobalSection(ProjectConfigurationPlatforms) = postSolution
		{7F59E7D7-DEA2-48B0-BB9E-8DF40AD2690E}.Debug|Any CPU.ActiveCfg = Debug|Any CPU
		{7F59E7D7-DEA2-48B0-BB9E-8DF40AD2690E}.Debug|Any CPU.Build.0 = Debug|Any CPU
		{7F59E7D7-DEA2-48B0-BB9E-8DF40AD2690E}.Release|Any CPU.ActiveCfg = Release|Any CPU
		{7F59E7D7-DEA2-48B0-BB9E-8DF40AD2690E}.Release|Any CPU.Build.0 = Release|Any CPU
		{092618FB-3E84-4CC6-A02E-8E6B39083816}.Debug|Any CPU.ActiveCfg = Debug|Any CPU
		{092618FB-3E84-4CC6-A02E-8E6B39083816}.Debug|Any CPU.Build.0 = Debug|Any CPU
		{092618FB-3E84-4CC6-A02E-8E6B39083816}.Release|Any CPU.ActiveCfg = Release|Any CPU
		{092618FB-3E84-4CC6-A02E-8E6B39083816}.Release|Any CPU.Build.0 = Release|Any CPU
		{D76EB06D-AD00-470F-8DE2-B7953E036AF6}.Debug|Any CPU.ActiveCfg = Debug|Any CPU
		{D76EB06D-AD00-470F-8DE2-B7953E036AF6}.Debug|Any CPU.Build.0 = Debug|Any CPU
		{D76EB06D-AD00-470F-8DE2-B7953E036AF6}.Release|Any CPU.ActiveCfg = Release|Any CPU
		{D76EB06D-AD00-470F-8DE2-B7953E036AF6}.Release|Any CPU.Build.0 = Release|Any CPU
		{D4FED7B8-1B4C-4D54-A993-48AD7904B534}.Debug|Any CPU.ActiveCfg = Debug|Any CPU
		{D4FED7B8-1B4C-4D54-A993-48AD7904B534}.Debug|Any CPU.Build.0 = Debug|Any CPU
		{D4FED7B8-1B4C-4D54-A993-48AD7904B534}.Release|Any CPU.ActiveCfg = Release|Any CPU
		{D4FED7B8-1B4C-4D54-A993-48AD7904B534}.Release|Any CPU.Build.0 = Release|Any CPU
		{EB4C46C6-E6B1-4B80-B09D-E7A8D4B276F7}.Debug|Any CPU.ActiveCfg = Debug|Any CPU
		{EB4C46C6-E6B1-4B80-B09D-E7A8D4B276F7}.Debug|Any CPU.Build.0 = Debug|Any CPU
		{EB4C46C6-E6B1-4B80-B09D-E7A8D4B276F7}.Release|Any CPU.ActiveCfg = Release|Any CPU
		{EB4C46C6-E6B1-4B80-B09D-E7A8D4B276F7}.Release|Any CPU.Build.0 = Release|Any CPU
	EndGlobalSection
	GlobalSection(SolutionProperties) = preSolution
		HideSolutionNode = FALSE
	EndGlobalSection
	GlobalSection(ExtensibilityGlobals) = postSolution
		SolutionGuid = {3534A34E-9E35-4D7E-BB7C-C2834254371E}
	EndGlobalSection
EndGlobal
